Microsoft Visual Studio Solution File, Format Version 12.00
# Visual Studio 15
VisualStudioVersion = 15.0.26430.14
MinimumVisualStudioVersion = 10.0.40219.1
Project("{FAE04EC0-301F-11D3-BF4B-00C04F79EFBC}") = "UNIREST", "UNIREST/UNIREST.csproj", "{52aa176b-5602-4349-b43b-4540a4ebeb32}"
EndProject
Project("{FAE04EC0-301F-11D3-BF4B-00C04F79EFBC}") = "SimpleCalculator.Tests", "SimpleCalculator.Tests/SimpleCalculator.Tests.csproj", "{bc0a6ad5-7702-46a9-9ddb-1b49833f258d}"
EndProject
Global
    GlobalSection(SolutionConfigurationPlatforms) = preSolution
        Debug|Any CPU = Debug|Any CPU
        Release|Any CPU = Release|Any CPU
    EndGlobalSection
    GlobalSection(ProjectConfigurationPlatforms) = postSolution
        {52aa176b-5602-4349-b43b-4540a4ebeb32}.Debug|Any CPU.ActiveCfg = Debug|Any CPU
        {52aa176b-5602-4349-b43b-4540a4ebeb32}.Debug|Any CPU.Build.0 = Debug|Any CPU
        {52aa176b-5602-4349-b43b-4540a4ebeb32}.Release|Any CPU.ActiveCfg = Release|Any CPU
        {52aa176b-5602-4349-b43b-4540a4ebeb32}.Release|Any CPU.Build.0 = Release|Any CPU
        {bc0a6ad5-7702-46a9-9ddb-1b49833f258d}.Debug|Any CPU.ActiveCfg = Debug|Any CPU
        {bc0a6ad5-7702-46a9-9ddb-1b49833f258d}.Debug|Any CPU.Build.0 = Debug|Any CPU
        {bc0a6ad5-7702-46a9-9ddb-1b49833f258d}.Release|Any CPU.ActiveCfg = Release|Any CPU
        {bc0a6ad5-7702-46a9-9ddb-1b49833f258d}.Release|Any CPU.Build.0 = Release|Any CPU
    EndGlobalSection
    GlobalSection(SolutionProperties) = preSolution
        HideSolutionNode = FALSE
    EndGlobalSection
EndGlobal
