Microsoft Visual Studio Solution File, Format Version 12.00
# Visual Studio 15
VisualStudioVersion = 15.0.26430.14
MinimumVisualStudioVersion = 10.0.40219.1
Project("{FAE04EC0-301F-11D3-BF4B-00C04F79EFBC}") = "UNIREST", "UNIREST/UNIREST.csproj", "{bf8831c4-efe2-4db1-a6da-cd53cc4fee7c}"
EndProject
Project("{FAE04EC0-301F-11D3-BF4B-00C04F79EFBC}") = "SimpleCalculator.Tests", "SimpleCalculator.Tests/SimpleCalculator.Tests.csproj", "{603d37a5-fc6c-4d61-a3cc-4a4c08a4525b}"
EndProject
Global
    GlobalSection(SolutionConfigurationPlatforms) = preSolution
        Debug|Any CPU = Debug|Any CPU
        Release|Any CPU = Release|Any CPU
    EndGlobalSection
    GlobalSection(ProjectConfigurationPlatforms) = postSolution
        {bf8831c4-efe2-4db1-a6da-cd53cc4fee7c}.Debug|Any CPU.ActiveCfg = Debug|Any CPU
        {bf8831c4-efe2-4db1-a6da-cd53cc4fee7c}.Debug|Any CPU.Build.0 = Debug|Any CPU
        {bf8831c4-efe2-4db1-a6da-cd53cc4fee7c}.Release|Any CPU.ActiveCfg = Release|Any CPU
        {bf8831c4-efe2-4db1-a6da-cd53cc4fee7c}.Release|Any CPU.Build.0 = Release|Any CPU
        {603d37a5-fc6c-4d61-a3cc-4a4c08a4525b}.Debug|Any CPU.ActiveCfg = Debug|Any CPU
        {603d37a5-fc6c-4d61-a3cc-4a4c08a4525b}.Debug|Any CPU.Build.0 = Debug|Any CPU
        {603d37a5-fc6c-4d61-a3cc-4a4c08a4525b}.Release|Any CPU.ActiveCfg = Release|Any CPU
        {603d37a5-fc6c-4d61-a3cc-4a4c08a4525b}.Release|Any CPU.Build.0 = Release|Any CPU
    EndGlobalSection
    GlobalSection(SolutionProperties) = preSolution
        HideSolutionNode = FALSE
    EndGlobalSection
EndGlobal
